<?xml version="1.0" encoding="utf-8"?>
<Project ToolsVersion="4.0" xmlns="http://schemas.microsoft.com/developer/msbuild/2003">
  <ItemGroup>
    <Filter Include="coloring">
      <UniqueIdentifier>{650b2010-0cc4-4960-ae44-01091e866b52}</UniqueIdentifier>
    </Filter>
    <Filter Include="reforging">
      <UniqueIdentifier>{8868a00c-6eb3-402c-90f2-2a7195734b90}</UniqueIdentifier>
    </Filter>
    <Filter Include="results">
      <UniqueIdentifier>{258763af-fb7c-49f2-acb5-326e95b4399a}</UniqueIdentifier>
    </Filter>
    <Filter Include="parsing">
      <UniqueIdentifier>{392ddcff-d7dd-4c0d-bae9-10b5dc5b5f8f}</UniqueIdentifier>
    </Filter>
    <Filter Include="RapidXML-v1.13">
      <UniqueIdentifier>{e364bf05-96f6-4c4b-9dfa-49fa3517f65e}</UniqueIdentifier>
    </Filter>
    <Filter Include="auxiliary">
      <UniqueIdentifier>{2df9edf7-f84d-42ef-b332-bfae3fdd9843}</UniqueIdentifier>
    </Filter>
    <Filter Include="Models">
      <UniqueIdentifier>{c4004ea3-f063-4274-97ce-4ea4aeaac98a}</UniqueIdentifier>
    </Filter>
  </ItemGroup>
  <ItemGroup>
    <ClInclude Include="..\results\results.hpp">
      <Filter>results</Filter>
    </ClInclude>
    <ClInclude Include="..\results\output_manager.hpp">
      <Filter>results</Filter>
    </ClInclude>
    <ClInclude Include="..\reforging\automaton_builder.hpp">
      <Filter>reforging</Filter>
    </ClInclude>
    <ClInclude Include="..\reforging\functions_structure.hpp">
      <Filter>reforging</Filter>
    </ClInclude>
    <ClInclude Include="..\reforging\automaton_structure.hpp">
      <Filter>reforging</Filter>
    </ClInclude>
    <ClInclude Include="..\reforging\basic_structure.hpp">
      <Filter>reforging</Filter>
    </ClInclude>
    <ClInclude Include="..\reforging\basic_structure_builder.hpp">
      <Filter>reforging</Filter>
    </ClInclude>
    <ClInclude Include="..\reforging\functions_builder.hpp">
      <Filter>reforging</Filter>
    </ClInclude>
    <ClInclude Include="..\parsing\model.hpp">
      <Filter>parsing</Filter>
    </ClInclude>
    <ClInclude Include="..\parsing\model_parser.hpp">
      <Filter>parsing</Filter>
    </ClInclude>
    <ClInclude Include="..\coloring\model_checker.hpp">
      <Filter>coloring</Filter>
    </ClInclude>
    <ClInclude Include="..\reforging\parametrized_structure.hpp">
      <Filter>reforging</Filter>
    </ClInclude>
    <ClInclude Include="..\reforging\parametrized_structure_builder.hpp">
      <Filter>reforging</Filter>
    </ClInclude>
    <ClInclude Include="..\coloring\product_structure.hpp">
      <Filter>coloring</Filter>
    </ClInclude>
    <ClInclude Include="..\rapidxml-1.13\rapidxml.hpp">
      <Filter>RapidXML-v1.13</Filter>
    </ClInclude>
    <ClInclude Include="..\rapidxml-1.13\rapidxml_utils.hpp">
      <Filter>RapidXML-v1.13</Filter>
    </ClInclude>
    <ClInclude Include="..\rapidxml-1.13\rapidxml_iterators.hpp">
      <Filter>RapidXML-v1.13</Filter>
    </ClInclude>
    <ClInclude Include="..\rapidxml-1.13\rapidxml_print.hpp">
      <Filter>RapidXML-v1.13</Filter>
    </ClInclude>
    <ClInclude Include="..\auxiliary\data_types.hpp">
      <Filter>auxiliary</Filter>
    </ClInclude>
    <ClInclude Include="..\auxiliary\template.hpp">
      <Filter>auxiliary</Filter>
    </ClInclude>
    <ClInclude Include="..\parsing\argument_parser.hpp">
      <Filter>parsing</Filter>
    </ClInclude>
    <ClInclude Include="..\auxiliary\split_manager.hpp">
      <Filter>auxiliary</Filter>
    </ClInclude>
  </ItemGroup>
  <ItemGroup>
    <None Include="..\MODELS\GS_cell_cycle.dbm">
      <Filter>Models</Filter>
    </None>
    <None Include="..\MODELS\IRMA.dbm">
      <Filter>Models</Filter>
    </None>
    <None Include="..\MODELS\Simple.dbm">
      <Filter>Models</Filter>
    </None>
    <None Include="..\MODELS\Template.dbm">
      <Filter>Models</Filter>
    </None>
    <None Include="..\MODELS\Template2.dbm">
      <Filter>Models</Filter>
    </None>
    <None Include="..\README" />
  </ItemGroup>
  <ItemGroup>
    <ClCompile Include="..\main.cpp" />
  </ItemGroup>
</Project>